// !$*UTF8*$!
{
	archiveVersion = 1;
	classes = {
	};
	objectVersion = 50;
	objects = {

/* Begin PBXBuildFile section */
		0CB81CB02504A6CC0010CA06 /* AppDelegate.swift in Sources */ = {isa = PBXBuildFile; fileRef = 0CB81CAF2504A6CC0010CA06 /* AppDelegate.swift */; };
		0CB81CB22504A6CC0010CA06 /* SceneDelegate.swift in Sources */ = {isa = PBXBuildFile; fileRef = 0CB81CB12504A6CC0010CA06 /* SceneDelegate.swift */; };
		0CB81CB42504A6CC0010CA06 /* ViewController.swift in Sources */ = {isa = PBXBuildFile; fileRef = 0CB81CB32504A6CC0010CA06 /* ViewController.swift */; };
		0CB81CB72504A6CC0010CA06 /* Main.storyboard in Resources */ = {isa = PBXBuildFile; fileRef = 0CB81CB52504A6CC0010CA06 /* Main.storyboard */; };
		0CB81CB92504A6CD0010CA06 /* Assets.xcassets in Resources */ = {isa = PBXBuildFile; fileRef = 0CB81CB82504A6CD0010CA06 /* Assets.xcassets */; };
		0CB81CBC2504A6CD0010CA06 /* LaunchScreen.storyboard in Resources */ = {isa = PBXBuildFile; fileRef = 0CB81CBA2504A6CD0010CA06 /* LaunchScreen.storyboard */; };
/* End PBXBuildFile section */

/* Begin PBXFileReference section */
		0CB81CAC2504A6CC0010CA06 /* DigmonGuessNumber.app */ = {isa = PBXFileReference; explicitFileType = wrapper.application; includeInIndex = 0; path = DigmonGuessNumber.app; sourceTree = BUILT_PRODUCTS_DIR; };
		0CB81CAF2504A6CC0010CA06 /* AppDelegate.swift */ = {isa = PBXFileReference; lastKnownFileType = sourcecode.swift; path = AppDelegate.swift; sourceTree = "<group>"; };
		0CB81CB12504A6CC0010CA06 /* SceneDelegate.swift */ = {isa = PBXFileReference; lastKnownFileType = sourcecode.swift; path = SceneDelegate.swift; sourceTree = "<group>"; };
		0CB81CB32504A6CC0010CA06 /* ViewController.swift */ = {isa = PBXFileReference; lastKnownFileType = sourcecode.swift; path = ViewController.swift; sourceTree = "<group>"; };
		0CB81CB62504A6CC0010CA06 /* Base */ = {isa = PBXFileReference; lastKnownFileType = file.storyboard; name = Base; path = Base.lproj/Main.storyboard; sourceTree = "<group>"; };
		0CB81CB82504A6CD0010CA06 /* Assets.xcassets */ = {isa = PBXFileReference; lastKnownFileType = folder.assetcatalog; path = Assets.xcassets; sourceTree = "<group>"; };
		0CB81CBB2504A6CD0010CA06 /* Base */ = {isa = PBXFileReference; lastKnownFileType = file.storyboard; name = Base; path = Base.lproj/LaunchScreen.storyboard; sourceTree = "<group>"; };
		0CB81CBD2504A6CD0010CA06 /* Info.plist */ = {isa = PBXFileReference; lastKnownFileType = text.plist.xml; path = Info.plist; sourceTree = "<group>"; };
/* End PBXFileReference section */

/* Begin PBXFrameworksBuildPhase section */
		0CB81CA92504A6CC0010CA06 /* Frameworks */ = {
			isa = PBXFrameworksBuildPhase;
			buildActionMask = 2147483647;
			files = (
			);
			runOnlyForDeploymentPostprocessing = 0;
		};
/* End PBXFrameworksBuildPhase section */

/* Begin PBXGroup section */
		0CB81CA32504A6CC0010CA06 = {
			isa = PBXGroup;
			children = (
				0CB81CAE2504A6CC0010CA06 /* DigmonGuessNumber */,
				0CB81CAD2504A6CC0010CA06 /* Products */,
			);
			sourceTree = "<group>";
		};
		0CB81CAD2504A6CC0010CA06 /* Products */ = {
			isa = PBXGroup;
			children = (
				0CB81CAC2504A6CC0010CA06 /* DigmonGuessNumber.app */,
			);
			name = Products;
			sourceTree = "<group>";
		};
		0CB81CAE2504A6CC0010CA06 /* DigmonGuessNumber */ = {
			isa = PBXGroup;
			children = (
				0CB81CAF2504A6CC0010CA06 /* AppDelegate.swift */,
				0CB81CB12504A6CC0010CA06 /* SceneDelegate.swift */,
				0CB81CB32504A6CC0010CA06 /* ViewController.swift */,
				0CB81CB52504A6CC0010CA06 /* Main.storyboard */,
				0CB81CB82504A6CD0010CA06 /* Assets.xcassets */,
				0CB81CBA2504A6CD0010CA06 /* LaunchScreen.storyboard */,
				0CB81CBD2504A6CD0010CA06 /* Info.plist */,
			);
			path = DigmonGuessNumber;
			sourceTree = "<group>";
		};
/* End PBXGroup section */

/* Begin PBXNativeTarget section */
		0CB81CAB2504A6CC0010CA06 /* DigmonGuessNumber */ = {
			isa = PBXNativeTarget;
			buildConfigurationList = 0CB81CC02504A6CD0010CA06 /* Build configuration list for PBXNativeTarget "DigmonGuessNumber" */;
			buildPhases = (
				0CB81CA82504A6CC0010CA06 /* Sources */,
				0CB81CA92504A6CC0010CA06 /* Frameworks */,
				0CB81CAA2504A6CC0010CA06 /* Resources */,
			);
			buildRules = (
			);
			dependencies = (
			);
			name = DigmonGuessNumber;
			productName = DigmonGuessNumber;
			productReference = 0CB81CAC2504A6CC0010CA06 /* DigmonGuessNumber.app */;
			productType = "com.apple.product-type.application";
		};
/* End PBXNativeTarget section */

/* Begin PBXProject section */
		0CB81CA42504A6CC0010CA06 /* Project object */ = {
			isa = PBXProject;
			attributes = {
				LastSwiftUpdateCheck = 1170;
				LastUpgradeCheck = 1170;
				ORGANIZATIONNAME = "Yuan-Che Chang";
				TargetAttributes = {
					0CB81CAB2504A6CC0010CA06 = {
						CreatedOnToolsVersion = 11.7;
					};
				};
			};
			buildConfigurationList = 0CB81CA72504A6CC0010CA06 /* Build configuration list for PBXProject "DigmonGuessNumber" */;
			compatibilityVersion = "Xcode 9.3";
			developmentRegion = en;
			hasScannedForEncodings = 0;
			knownRegions = (
				en,
				Base,
			);
			mainGroup = 0CB81CA32504A6CC0010CA06;
			productRefGroup = 0CB81CAD2504A6CC0010CA06 /* Products */;
			projectDirPath = "";
			projectRoot = "";
			targets = (
				0CB81CAB2504A6CC0010CA06 /* DigmonGuessNumber */,
			);
		};
/* End PBXProject section */

/* Begin PBXResourcesBuildPhase section */
		0CB81CAA2504A6CC0010CA06 /* Resources */ = {
			isa = PBXResourcesBuildPhase;
			buildActionMask = 2147483647;
			files = (
				0CB81CBC2504A6CD0010CA06 /* LaunchScreen.storyboard in Resources */,
				0CB81CB92504A6CD0010CA06 /* Assets.xcassets in Resources */,
				0CB81CB72504A6CC0010CA06 /* Main.storyboard in Resources */,
			);
			runOnlyForDeploymentPostprocessing = 0;
		};
/* End PBXResourcesBuildPhase section */

/* Begin PBXSourcesBuildPhase section */
		0CB81CA82504A6CC0010CA06 /* Sources */ = {
			isa = PBXSourcesBuildPhase;
			buildActionMask = 2147483647;
			files = (
				0CB81CB42504A6CC0010CA06 /* ViewController.swift in Sources */,
				0CB81CB02504A6CC0010CA06 /* AppDelegate.swift in Sources */,
				0CB81CB22504A6CC0010CA06 /* SceneDelegate.swift in Sources */,
			);
			runOnlyForDeploymentPostprocessing = 0;
		};
/* End PBXSourcesBuildPhase section */

/* Begin PBXVariantGroup section */
		0CB81CB52504A6CC0010CA06 /* Main.storyboard */ = {
			isa = PBXVariantGroup;
			children = (
				0CB81CB62504A6CC0010CA06 /* Base */,
			);
			name = Main.storyboard;
			sourceTree = "<group>";
		};
		0CB81CBA2504A6CD0010CA06 /* LaunchScreen.storyboard */ = {
			isa = PBXVariantGroup;
			children = (
				0CB81CBB2504A6CD0010CA06 /* Base */,
			);
			name = LaunchScreen.storyboard;
			sourceTree = "<group>";
		};
/* End PBXVariantGroup section */

/* Begin XCBuildConfiguration section */
		0CB81CBE2504A6CD0010CA06 /* Debug */ = {
			isa = XCBuildConfiguration;
			buildSettings = {
				ALWAYS_SEARCH_USER_PATHS = NO;
				CLANG_ANALYZER_NONNULL = YES;
				CLANG_ANALYZER_NUMBER_OBJECT_CONVERSION = YES_AGGRESSIVE;
				CLANG_CXX_LANGUAGE_STANDARD = "gnu++14";
				CLANG_CXX_LIBRARY = "libc++";
				CLANG_ENABLE_MODULES = YES;
				CLANG_ENABLE_OBJC_ARC = YES;
				CLANG_ENABLE_OBJC_WEAK = YES;
				CLANG_WARN_BLOCK_CAPTURE_AUTORELEASING = YES;
				CLANG_WARN_BOOL_CONVERSION = YES;
				CLANG_WARN_COMMA = YES;
				CLANG_WARN_CONSTANT_CONVERSION = YES;
				CLANG_WARN_DEPRECATED_OBJC_IMPLEMENTATIONS = YES;
				CLANG_WARN_DIRECT_OBJC_ISA_USAGE = YES_ERROR;
				CLANG_WARN_DOCUMENTATION_COMMENTS = YES;
				CLANG_WARN_EMPTY_BODY = YES;
				CLANG_WARN_ENUM_CONVERSION = YES;
				CLANG_WARN_INFINITE_RECURSION = YES;
				CLANG_WARN_INT_CONVERSION = YES;
				CLANG_WARN_NON_LITERAL_NULL_CONVERSION = YES;
				CLANG_WARN_OBJC_IMPLICIT_RETAIN_SELF = YES;
				CLANG_WARN_OBJC_LITERAL_CONVERSION = YES;
				CLANG_WARN_OBJC_ROOT_CLASS = YES_ERROR;
				CLANG_WARN_RANGE_LOOP_ANALYSIS = YES;
				CLANG_WARN_STRICT_PROTOTYPES = YES;
				CLANG_WARN_SUSPICIOUS_MOVE = YES;
				CLANG_WARN_UNGUARDED_AVAILABILITY = YES_AGGRESSIVE;
				CLANG_WARN_UNREACHABLE_CODE = YES;
				CLANG_WARN__DUPLICATE_METHOD_MATCH = YES;
				COPY_PHASE_STRIP = NO;
				DEBUG_INFORMATION_FORMAT = dwarf;
				ENABLE_STRICT_OBJC_MSGSEND = YES;
				ENABLE_TESTABILITY = YES;
				GCC_C_LANGUAGE_STANDARD = gnu11;
				GCC_DYNAMIC_NO_PIC = NO;
				GCC_NO_COMMON_BLOCKS = YES;
				GCC_OPTIMIZATION_LEVEL = 0;
				GCC_PREPROCESSOR_DEFINITIONS = (
					"DEBUG=1",
					"$(inherited)",
				);
				GCC_WARN_64_TO_32_BIT_CONVERSION = YES;
				GCC_WARN_ABOUT_RETURN_TYPE = YES_ERROR;
				GCC_WARN_UNDECLARED_SELECTOR = YES;
				GCC_WARN_UNINITIALIZED_AUTOS = YES_AGGRESSIVE;
				GCC_WARN_UNUSED_FUNCTION = YES;
				GCC_WARN_UNUSED_VARIABLE = YES;
				IPHONEOS_DEPLOYMENT_TARGET = 13.3;
				MTL_ENABLE_DEBUG_INFO = INCLUDE_SOURCE;
				MTL_FAST_MATH = YES;
				ONLY_ACTIVE_ARCH = YES;
				SDKROOT = iphoneos;
				SWIFT_ACTIVE_COMPILATION_CONDITIONS = DEBUG;
				SWIFT_OPTIMIZATION_LEVEL = "-Onone";
			};
			name = Debug;
		};
		0CB81CBF2504A6CD0010CA06 /* Release */ = {
			isa = XCBuildConfiguration;
			buildSettings = {
				ALWAYS_SEARCH_USER_PATHS = NO;
				CLANG_ANALYZER_NONNULL = YES;
				CLANG_ANALYZER_NUMBER_OBJECT_CONVERSION = YES_AGGRESSIVE;
				CLANG_CXX_LANGUAGE_STANDARD = "gnu++14";
				CLANG_CXX_LIBRARY = "libc++";
				CLANG_ENABLE_MODULES = YES;
				CLANG_ENABLE_OBJC_ARC = YES;
				CLANG_ENABLE_OBJC_WEAK = YES;
				CLANG_WARN_BLOCK_CAPTURE_AUTORELEASING = YES;
				CLANG_WARN_BOOL_CONVERSION = YES;
				CLANG_WARN_COMMA = YES;
				CLANG_WARN_CONSTANT_CONVERSION = YES;
				CLANG_WARN_DEPRECATED_OBJC_IMPLEMENTATIONS = YES;
				CLANG_WARN_DIRECT_OBJC_ISA_USAGE = YES_ERROR;
				CLANG_WARN_DOCUMENTATION_COMMENTS = YES;
				CLANG_WARN_EMPTY_BODY = YES;
				CLANG_WARN_ENUM_CONVERSION = YES;
				CLANG_WARN_INFINITE_RECURSION = YES;
				CLANG_WARN_INT_CONVERSION = YES;
				CLANG_WARN_NON_LITERAL_NULL_CONVERSION = YES;
				CLANG_WARN_OBJC_IMPLICIT_RETAIN_SELF = YES;
				CLANG_WARN_OBJC_LITERAL_CONVERSION = YES;
				CLANG_WARN_OBJC_ROOT_CLASS = YES_ERROR;
				CLANG_WARN_RANGE_LOOP_ANALYSIS = YES;
				CLANG_WARN_STRICT_PROTOTYPES = YES;
				CLANG_WARN_SUSPICIOUS_MOVE = YES;
				CLANG_WARN_UNGUARDED_AVAILABILITY = YES_AGGRESSIVE;
				CLANG_WARN_UNREACHABLE_CODE = YES;
				CLANG_WARN__DUPLICATE_METHOD_MATCH = YES;
				COPY_PHASE_STRIP = NO;
				DEBUG_INFORMATION_FORMAT = "dwarf-with-dsym";
				ENABLE_NS_ASSERTIONS = NO;
				ENABLE_STRICT_OBJC_MSGSEND = YES;
				GCC_C_LANGUAGE_STANDARD = gnu11;
				GCC_NO_COMMON_BLOCKS = YES;
				GCC_WARN_64_TO_32_BIT_CONVERSION = YES;
				GCC_WARN_ABOUT_RETURN_TYPE = YES_ERROR;
				GCC_WARN_UNDECLARED_SELECTOR = YES;
				GCC_WARN_UNINITIALIZED_AUTOS = YES_AGGRESSIVE;
				GCC_WARN_UNUSED_FUNCTION = YES;
				GCC_WARN_UNUSED_VARIABLE = YES;
				IPHONEOS_DEPLOYMENT_TARGET = 13.3;
				MTL_ENABLE_DEBUG_INFO = NO;
				MTL_FAST_MATH = YES;
				SDKROOT = iphoneos;
				SWIFT_COMPILATION_MODE = wholemodule;
				SWIFT_OPTIMIZATION_LEVEL = "-O";
				VALIDATE_PRODUCT = YES;
			};
			name = Release;
		};
		0CB81CC12504A6CD0010CA06 /* Debug */ = {
			isa = XCBuildConfiguration;
			buildSettings = {
				ASSETCATALOG_COMPILER_APPICON_NAME = AppIcon;
				CODE_SIGN_IDENTITY = "iPhone Developer";
				CODE_SIGN_STYLE = Manual;
				DEVELOPMENT_TEAM = N8KSD66U34;
				INFOPLIST_FILE = DigmonGuessNumber/Info.plist;
				LD_RUNPATH_SEARCH_PATHS = (
					"$(inherited)",
					"@executable_path/Frameworks",
				);
				PRODUCT_BUNDLE_IDENTIFIER = class.ep101.DigmonGuessNumber;
				PRODUCT_NAME = "$(TARGET_NAME)";
				PROVISIONING_PROFILE_SPECIFIER = EP101;
				SWIFT_VERSION = 5.0;
				TARGETED_DEVICE_FAMILY = "1,2";
			};
			name = Debug;
		};
		0CB81CC22504A6CD0010CA06 /* Release */ = {
			isa = XCBuildConfiguration;
			buildSettings = {
				ASSETCATALOG_COMPILER_APPICON_NAME = AppIcon;
				CODE_SIGN_IDENTITY = "iPhone Developer";
				CODE_SIGN_STYLE = Manual;
				DEVELOPMENT_TEAM = N8KSD66U34;
				INFOPLIST_FILE = DigmonGuessNumber/Info.plist;
				LD_RUNPATH_SEARCH_PATHS = (
					"$(inherited)",
					"@executable_path/Frameworks",
				);
				PRODUCT_BUNDLE_IDENTIFIER = class.ep101.DigmonGuessNumber;
				PRODUCT_NAME = "$(TARGET_NAME)";
				PROVISIONING_PROFILE_SPECIFIER = EP101;
				SWIFT_VERSION = 5.0;
				TARGETED_DEVICE_FAMILY = "1,2";
			};
			name = Release;
		};
/* End XCBuildConfiguration section */

/* Begin XCConfigurationList section */
		0CB81CA72504A6CC0010CA06 /* Build configuration list for PBXProject "DigmonGuessNumber" */ = {
			isa = XCConfigurationList;
			buildConfigurations = (
				0CB81CBE2504A6CD0010CA06 /* Debug */,
				0CB81CBF2504A6CD0010CA06 /* Release */,
			);
			defaultConfigurationIsVisible = 0;
			defaultConfigurationName = Release;
		};
		0CB81CC02504A6CD0010CA06 /* Build configuration list for PBXNativeTarget "DigmonGuessNumber" */ = {
			isa = XCConfigurationList;
			buildConfigurations = (
				0CB81CC12504A6CD0010CA06 /* Debug */,
				0CB81CC22504A6CD0010CA06 /* Release */,
			);
			defaultConfigurationIsVisible = 0;
			defaultConfigurationName = Release;
		};
/* End XCConfigurationList section */
	};
	rootObject = 0CB81CA42504A6CC0010CA06 /* Project object */;
}
